schema: '2.0'
stages:
  preprocess:
    cmd: python src/data/preprocess.py
    deps:
    - path: configs/config.yaml
      hash: md5
      md5: 565d57a70421b8908524964c2189e9f9
      size: 55
    - path: configs/data/preprocess_DS1.yaml
      hash: md5
      md5: fa6e294801be6df386c1f879c5a8f503
      size: 335
    - path: data/raw/Data1.xlsx
      hash: md5
      md5: e26ff3599dd5b45fe19c89526d96e4ea
      size: 28443
    - path: data/raw/Variable_Mapping_Data1.xlsx
      hash: md5
      md5: 2c165b8f84b49e988834e2c97640d112
      size: 11001
    - path: src/data/preprocess.py
      hash: md5
      md5: ef561968ec31578270c5e9eb14b21afe
      size: 4673
    outs:
    - path: data/processed/DS1/X_test.csv
      hash: md5
      md5: fd119926bb475be3995e7c9d210d6545
      size: 3149
    - path: data/processed/DS1/X_train.csv
      hash: md5
      md5: 398c3d693825cff497abd541dbec84d2
      size: 11595
    - path: data/processed/DS1/y_test.csv
      hash: md5
      md5: 1962b467bfa1d0aeaca99f448188859f
      size: 877
    - path: data/processed/DS1/y_train.csv
      hash: md5
      md5: ba4b6095a6a9e1bd69858363f8f9a880
      size: 3243
  train_model:
    cmd: python src/models/model.py
    deps:
    - path: configs/config.yaml
      hash: md5
      md5: 565d57a70421b8908524964c2189e9f9
      size: 55
    - path: configs/data/preprocess_DS1.yaml
      hash: md5
      md5: fa6e294801be6df386c1f879c5a8f503
      size: 335
    - path: configs/model/lasso.yaml
      hash: md5
      md5: 193da2e2492d788d1edc99bafe3676ee
      size: 66
    - path: data/processed/DS1/X_test.csv
      hash: md5
      md5: fd119926bb475be3995e7c9d210d6545
      size: 3149
    - path: data/processed/DS1/X_train.csv
      hash: md5
      md5: 398c3d693825cff497abd541dbec84d2
      size: 11595
    - path: data/processed/DS1/y_test.csv
      hash: md5
      md5: 1962b467bfa1d0aeaca99f448188859f
      size: 877
    - path: data/processed/DS1/y_train.csv
      hash: md5
      md5: ba4b6095a6a9e1bd69858363f8f9a880
      size: 3243
    - path: src/models/model.py
      hash: md5
      md5: 778af807a85d3ff61ef95f199fce2c36
      size: 3837
    outs:
    - path: data/processed/DS1/DS1Model
      hash: md5
      md5: 690839b526d0aa60ec5c3c84d8ca9ef4.dir
      size: 6650
      nfiles: 2
