# This file may be used to create an environment using:
# $ conda create --name <env> --file <this file>
# platform: osx-64
# created-by: conda 25.11.0
@EXPLICIT
https://conda.anaconda.org/conda-forge/noarch/pysocks-1.7.1-pyha55dd90_7.conda
https://conda.anaconda.org/conda-forge/osx-64/hicolor-icon-theme-0.17-h694c41f_2.tar.bz2
https://conda.anaconda.org/conda-forge/osx-64/dulwich-1.0.0-py310hd522d06_1.conda
https://conda.anaconda.org/conda-forge/osx-64/pixman-0.46.4-ha059160_1.conda
https://conda.anaconda.org/conda-forge/noarch/ruamel.yaml-0.19.1-pyhcf101f3_0.conda
https://conda.anaconda.org/conda-forge/noarch/pydantic-2.12.5-pyhcf101f3_1.conda
https://conda.anaconda.org/conda-forge/noarch/fsspec-2026.1.0-pyhd8ed1ab_0.conda
https://conda.anaconda.org/conda-forge/noarch/semver-3.0.4-pyhcf101f3_1.conda
https://conda.anaconda.org/conda-forge/osx-64/_openmp_mutex-4.5-7_kmp_llvm.conda
https://conda.anaconda.org/conda-forge/noarch/gto-1.9.0-pyhcf101f3_0.conda
https://conda.anaconda.org/conda-forge/noarch/tomlkit-0.14.0-pyha770c72_0.conda
https://conda.anaconda.org/conda-forge/osx-64/libintl-0.25.1-h3184127_1.conda
https://conda.anaconda.org/conda-forge/noarch/dvc-render-1.0.2-pyhd8ed1ab_1.conda
https://conda.anaconda.org/conda-forge/osx-64/brotli-bin-1.2.0-h8616949_1.conda
https://conda.anaconda.org/conda-forge/osx-64/openssl-3.6.1-hb6871ef_1.conda
https://conda.anaconda.org/conda-forge/osx-64/libxml2-16-2.15.1-he456531_1.conda
https://conda.anaconda.org/conda-forge/noarch/flufl.lock-9.0.0-pyhd8ed1ab_0.conda
https://conda.anaconda.org/conda-forge/noarch/certifi-2026.1.4-pyhd8ed1ab_0.conda
https://conda.anaconda.org/conda-forge/noarch/voluptuous-0.16.0-pyhd8ed1ab_0.conda
https://conda.anaconda.org/conda-forge/noarch/tabulate-0.9.0-pyhcf101f3_3.conda
https://conda.anaconda.org/conda-forge/osx-64/kiwisolver-1.4.9-py310h355fb9f_2.conda
https://conda.anaconda.org/conda-forge/osx-64/fontconfig-2.15.0-h37eeddb_1.conda
https://conda.anaconda.org/conda-forge/noarch/joblib-1.5.3-pyhd8ed1ab_0.conda
https://conda.anaconda.org/conda-forge/noarch/hydra-core-1.3.2-pyhd8ed1ab_1.conda
https://conda.anaconda.org/conda-forge/osx-64/epoxy-1.5.10-h8616949_2.conda
https://conda.anaconda.org/conda-forge/osx-64/liblapack-3.11.0-5_h859234e_openblas.conda
https://conda.anaconda.org/conda-forge/osx-64/cairo-1.18.4-h7656bdc_1.conda
https://conda.anaconda.org/conda-forge/noarch/pygments-2.19.2-pyhd8ed1ab_0.conda
https://conda.anaconda.org/conda-forge/osx-64/librsvg-2.60.0-h2da6fc3_0.conda
https://conda.anaconda.org/conda-forge/noarch/dvc-studio-client-0.22.0-pyhd8ed1ab_0.conda
https://conda.anaconda.org/conda-forge/noarch/prompt_toolkit-3.0.52-hd8ed1ab_0.conda
https://conda.anaconda.org/conda-forge/noarch/gitdb-4.0.12-pyhd8ed1ab_0.conda
https://conda.anaconda.org/conda-forge/noarch/python-tzdata-2025.3-pyhd8ed1ab_0.conda
https://conda.anaconda.org/conda-forge/noarch/flatten-dict-0.4.2-pyhd8ed1ab_1.tar.bz2
https://conda.anaconda.org/conda-forge/osx-64/libglib-2.86.3-hf241ffe_0.conda
https://conda.anaconda.org/conda-forge/noarch/atpublic-7.0.0-pyhd8ed1ab_0.conda
https://conda.anaconda.org/conda-forge/noarch/shortuuid-1.0.13-pyhd8ed1ab_1.conda
https://conda.anaconda.org/conda-forge/osx-64/setproctitle-1.3.7-py310h8bcfd8d_0.conda
https://conda.anaconda.org/conda-forge/osx-64/freetype-2.14.1-h694c41f_0.conda
https://conda.anaconda.org/conda-forge/osx-64/pango-1.56.4-h6ef8af8_0.conda
https://conda.anaconda.org/conda-forge/noarch/charset-normalizer-3.4.4-pyhd8ed1ab_0.conda
https://conda.anaconda.org/conda-forge/noarch/cycler-0.12.1-pyhcf101f3_2.conda
https://conda.anaconda.org/conda-forge/noarch/markdown-it-py-4.0.0-pyhd8ed1ab_0.conda
https://conda.anaconda.org/conda-forge/noarch/colorama-0.4.6-pyhd8ed1ab_1.conda
https://conda.anaconda.org/conda-forge/osx-64/contourpy-1.3.2-py310hf166250_0.conda
https://conda.anaconda.org/conda-forge/osx-64/libbrotlidec-1.2.0-h8616949_1.conda
https://conda.anaconda.org/conda-forge/osx-64/yarl-1.22.0-py310hd951482_0.conda
https://conda.anaconda.org/conda-forge/osx-64/backports.zoneinfo-0.2.1-py310h2ec42d9_11.conda
https://conda.anaconda.org/conda-forge/noarch/future-1.0.0-pyhd8ed1ab_2.conda
https://conda.anaconda.org/conda-forge/noarch/appdirs-1.4.4-pyhd8ed1ab_1.conda
https://conda.anaconda.org/conda-forge/noarch/urllib3-2.6.3-pyhd8ed1ab_0.conda
https://conda.anaconda.org/conda-forge/osx-64/pydantic-core-2.41.5-py310h64024f4_1.conda
https://conda.anaconda.org/conda-forge/osx-64/multidict-6.6.3-py310hf0d9222_0.conda
https://conda.anaconda.org/conda-forge/noarch/gitpython-3.1.46-pyhd8ed1ab_0.conda
https://conda.anaconda.org/conda-forge/noarch/rich-14.3.2-pyhcf101f3_0.conda
https://conda.anaconda.org/conda-forge/osx-64/libgfortran5-15.2.0-hd16e46c_15.conda
https://conda.anaconda.org/conda-forge/osx-64/fonttools-4.61.1-py310hd951482_0.conda
https://conda.anaconda.org/conda-forge/noarch/pycparser-2.22-pyh29332c3_1.conda
https://conda.anaconda.org/conda-forge/noarch/font-ttf-source-code-pro-2.038-h77eed37_0.tar.bz2
https://conda.anaconda.org/conda-forge/osx-64/orjson-3.11.5-py310h32c5aed_0.conda
https://conda.anaconda.org/conda-forge/noarch/typer-0.21.1-pyhf8876ea_0.conda
https://conda.anaconda.org/conda-forge/noarch/async-timeout-5.0.1-pyhcf101f3_2.conda
https://conda.anaconda.org/conda-forge/osx-64/backports.zstd-1.3.0-py310hedc14a4_0.conda
https://conda.anaconda.org/conda-forge/noarch/pip-26.0-pyh8b19718_0.conda
https://conda.anaconda.org/conda-forge/noarch/botocore-1.42.40-pyhd8ed1ab_0.conda
https://conda.anaconda.org/conda-forge/noarch/sentry-sdk-2.51.0-pyhd8ed1ab_0.conda
https://conda.anaconda.org/conda-forge/osx-64/gtk3-3.24.43-h5e629aa_6.conda
https://conda.anaconda.org/conda-forge/noarch/click-plugins-1.1.1.2-pyhd8ed1ab_0.conda
https://conda.anaconda.org/conda-forge/noarch/typing-3.10.0.0-pyhd8ed1ab_2.conda
https://conda.anaconda.org/conda-forge/noarch/python_abi-3.10-8_cp310.conda
https://conda.anaconda.org/conda-forge/noarch/importlib-metadata-8.7.0-pyhe01879c_1.conda
https://conda.anaconda.org/conda-forge/osx-64/unicodedata2-17.0.0-py310hd2d5e8d_1.conda
https://conda.anaconda.org/conda-forge/osx-64/statsmodels-0.14.6-py310h0bce67a_0.conda
https://conda.anaconda.org/conda-forge/osx-64/brotli-1.2.0-hf139dec_1.conda
https://conda.anaconda.org/conda-forge/osx-64/bzip2-1.0.8-h500dc9f_8.conda
https://conda.anaconda.org/conda-forge/osx-64/cryptography-46.0.4-py310hb6188ef_0.conda
https://conda.anaconda.org/conda-forge/noarch/dvc-data-3.18.2-pyhd8ed1ab_0.conda
https://conda.anaconda.org/conda-forge/noarch/annotated-types-0.7.0-pyhd8ed1ab_1.conda
https://conda.anaconda.org/conda-forge/osx-64/pygit2-1.18.2-py310h3aa7efa_1.conda
https://conda.anaconda.org/conda-forge/noarch/mdurl-0.1.2-pyhd8ed1ab_1.conda
https://conda.anaconda.org/conda-forge/osx-64/protobuf-6.33.5-py310he4b493c_0.conda
https://conda.anaconda.org/conda-forge/noarch/font-ttf-ubuntu-0.83-h77eed37_3.conda
https://conda.anaconda.org/conda-forge/noarch/typer-slim-standard-0.21.1-h378290b_0.conda
https://conda.anaconda.org/conda-forge/noarch/dvc-task-0.40.2-pyhd8ed1ab_1.conda
https://conda.anaconda.org/conda-forge/noarch/idna-3.11-pyhd8ed1ab_0.conda
https://conda.anaconda.org/conda-forge/osx-64/llvm-openmp-21.1.8-h472b3d1_0.conda
https://conda.anaconda.org/conda-forge/noarch/et_xmlfile-2.0.0-pyhd8ed1ab_1.conda
https://conda.anaconda.org/conda-forge/osx-64/libxcb-1.17.0-hf1f96e2_0.conda
https://conda.anaconda.org/conda-forge/noarch/iterative-telemetry-0.0.10-pyhd8ed1ab_0.conda
https://conda.anaconda.org/conda-forge/noarch/munkres-1.1.4-pyhd8ed1ab_1.conda
https://conda.anaconda.org/conda-forge/osx-64/libssh2-1.11.1-hed3591d_0.conda
https://conda.anaconda.org/conda-forge/noarch/seaborn-0.13.2-hd8ed1ab_3.conda
https://conda.anaconda.org/conda-forge/noarch/pygtrie-2.5.0-pyhd8ed1ab_1.conda
https://conda.anaconda.org/conda-forge/osx-64/libgcc-15.2.0-h08519bb_15.conda
https://conda.anaconda.org/conda-forge/noarch/s3transfer-0.16.0-pyhd8ed1ab_0.conda
https://conda.anaconda.org/conda-forge/osx-64/libfreetype6-2.14.1-h6912278_0.conda
https://conda.anaconda.org/conda-forge/noarch/pathspec-0.12.1-pyhd8ed1ab_1.conda
https://conda.anaconda.org/conda-forge/noarch/patsy-1.0.2-pyhcf101f3_0.conda
https://conda.anaconda.org/conda-forge/osx-64/psutil-7.2.2-py310h8bcfd8d_0.conda
https://conda.anaconda.org/conda-forge/osx-64/zlib-ng-2.3.2-h8bce59a_1.conda
https://conda.anaconda.org/conda-forge/noarch/filelock-3.20.3-pyhd8ed1ab_0.conda
https://conda.anaconda.org/conda-forge/noarch/eval_type_backport-0.3.1-pyha770c72_0.conda
https://conda.anaconda.org/conda-forge/osx-64/pillow-12.1.0-py310hef2b012_0.conda
https://conda.anaconda.org/conda-forge/noarch/tqdm-4.67.2-pyh8f84b5b_2.conda
https://conda.anaconda.org/conda-forge/osx-64/libdeflate-1.25-h517ebb2_0.conda
https://conda.anaconda.org/conda-forge/noarch/threadpoolctl-3.6.0-pyhecae5ae_0.conda
https://conda.anaconda.org/conda-forge/noarch/scmrepo-3.6.1-pyhd8ed1ab_0.conda
https://conda.anaconda.org/conda-forge/osx-64/matplotlib-3.10.8-py310h2ec42d9_0.conda
https://conda.anaconda.org/conda-forge/osx-64/pthread-stubs-0.4-h00291cd_1002.conda
https://conda.anaconda.org/conda-forge/noarch/pydantic-settings-2.12.0-pyh3cfb1c2_0.conda
https://conda.anaconda.org/conda-forge/osx-64/krb5-1.21.3-h37d8d59_0.conda
https://conda.anaconda.org/conda-forge/noarch/distro-1.9.0-pyhd8ed1ab_1.conda
https://conda.anaconda.org/conda-forge/noarch/celery-5.4.0-pyhd8ed1ab_2.conda
https://conda.anaconda.org/conda-forge/osx-64/atk-1.0-2.38.0-h4bec284_2.conda
https://conda.anaconda.org/conda-forge/osx-64/aiohttp-3.13.3-py310h501f81e_0.conda
https://conda.anaconda.org/conda-forge/noarch/pyopenssl-25.3.0-pyhd8ed1ab_0.conda
https://conda.anaconda.org/conda-forge/osx-64/libgfortran-15.2.0-h7e5c614_15.conda
https://conda.anaconda.org/conda-forge/noarch/hyperframe-6.1.0-pyhd8ed1ab_0.conda
https://conda.anaconda.org/conda-forge/noarch/smmap-5.0.2-pyhd8ed1ab_0.conda
https://conda.anaconda.org/conda-forge/noarch/wcwidth-0.5.3-pyhd8ed1ab_0.conda
https://conda.anaconda.org/conda-forge/osx-64/lerc-4.0.0-hcca01a6_1.conda
https://conda.anaconda.org/conda-forge/noarch/requests-2.32.5-pyhcf101f3_1.conda
https://conda.anaconda.org/conda-forge/noarch/click-8.3.1-pyh8f84b5b_1.conda
https://conda.anaconda.org/conda-forge/noarch/dpath-2.2.0-pyha770c72_1.conda
https://conda.anaconda.org/conda-forge/osx-64/xorg-libxdmcp-1.1.5-h8616949_1.conda
https://conda.anaconda.org/conda-forge/osx-64/ruamel.yaml.clib-0.2.15-py310h8bcfd8d_1.conda
https://conda.anaconda.org/conda-forge/osx-64/libwebp-base-1.6.0-hb807250_0.conda
https://conda.anaconda.org/conda-forge/osx-64/lcms2-2.18-h90db99b_0.conda
https://conda.anaconda.org/conda-forge/osx-64/libabseil-20260107.0-cxx17_h7ed6875_0.conda
https://conda.anaconda.org/conda-forge/osx-64/graphviz-14.1.2-h44fc223_0.conda
https://conda.anaconda.org/conda-forge/noarch/grandalf-0.7-pyhd8ed1ab_1.conda
https://conda.anaconda.org/conda-forge/osx-64/tk-8.6.13-h7142dee_3.conda
https://conda.anaconda.org/conda-forge/noarch/zc.lockfile-4.0-pyhd8ed1ab_0.conda
https://conda.anaconda.org/conda-forge/osx-64/libsqlite-3.51.2-hb99441e_0.conda
https://conda.anaconda.org/conda-forge/noarch/setuptools-80.10.2-pyh332efcf_0.conda
https://conda.anaconda.org/conda-forge/osx-64/libtiff-4.7.1-ha0a348c_1.conda
https://conda.anaconda.org/conda-forge/osx-64/pathlib2-2.3.7.post1-py310h2ec42d9_5.conda
https://conda.anaconda.org/conda-forge/noarch/attrs-25.4.0-pyhcf101f3_1.conda
https://conda.anaconda.org/conda-forge/noarch/dvc-objects-5.2.0-pyhd8ed1ab_0.conda
https://conda.anaconda.org/conda-forge/osx-64/scipy-1.15.2-py310hef62574_0.conda
https://conda.anaconda.org/conda-forge/osx-64/scikit-learn-1.7.2-py310h4e9a27a_0.conda
https://conda.anaconda.org/conda-forge/osx-64/libfreetype-2.14.1-h694c41f_0.conda
https://conda.anaconda.org/conda-forge/noarch/click-didyoumean-0.3.1-pyhd8ed1ab_1.conda
https://conda.anaconda.org/conda-forge/osx-64/cffi-2.0.0-py310h062c7ae_1.conda
https://conda.anaconda.org/conda-forge/noarch/adwaita-icon-theme-49.0-unix_0.conda
https://conda.anaconda.org/conda-forge/noarch/aiohttp-retry-2.9.1-pyhd8ed1ab_0.conda
https://conda.anaconda.org/conda-forge/osx-64/libzlib-1.3.1-hd23fc13_2.conda
https://conda.anaconda.org/conda-forge/noarch/tzdata-2025c-hc9c84f9_1.conda
https://conda.anaconda.org/conda-forge/noarch/zipp-3.23.0-pyhcf101f3_1.conda
https://conda.anaconda.org/conda-forge/noarch/kombu-5.6.2-pyha770c72_0.conda
https://conda.anaconda.org/conda-forge/osx-64/python-3.10.19-h988dfef_3_cpython.conda
https://conda.anaconda.org/conda-forge/noarch/wheel-0.46.3-pyhd8ed1ab_0.conda
https://conda.anaconda.org/conda-forge/osx-64/harfbuzz-12.3.2-h8b84c26_0.conda
https://conda.anaconda.org/conda-forge/noarch/click-repl-0.3.0-pyhd8ed1ab_0.conda
https://conda.anaconda.org/conda-forge/osx-64/gts-0.7.6-h53e17e3_4.conda
https://conda.anaconda.org/conda-forge/osx-64/numpy-2.2.6-py310h07c5b4d_0.conda
https://conda.anaconda.org/conda-forge/noarch/typing-extensions-4.15.0-h396c80c_0.conda
https://conda.anaconda.org/conda-forge/osx-64/wandb-0.24.1-py310hae83603_0.conda
https://conda.anaconda.org/conda-forge/noarch/font-ttf-dejavu-sans-mono-2.37-hab24e00_0.tar.bz2
https://conda.anaconda.org/conda-forge/osx-64/icu-78.2-h14c5de8_0.conda
https://conda.anaconda.org/conda-forge/osx-64/libiconv-1.18-h57a12c2_2.conda
https://conda.anaconda.org/conda-forge/noarch/antlr-python-runtime-4.9.3-pyhd8ed1ab_1.tar.bz2
https://conda.anaconda.org/conda-forge/noarch/dictdiffer-0.9.0-pyhd8ed1ab_1.conda
https://conda.anaconda.org/conda-forge/osx-64/billiard-4.2.4-py310hd2d5e8d_0.conda
https://conda.anaconda.org/conda-forge/osx-64/openjpeg-2.5.4-h87e8dc5_0.conda
https://conda.anaconda.org/conda-forge/osx-64/fribidi-1.0.16-h8616949_0.conda
https://conda.anaconda.org/conda-forge/osx-64/liblzma-5.8.2-h11316ed_0.conda
https://conda.anaconda.org/conda-forge/noarch/configobj-5.0.9-pyhd8ed1ab_1.conda
https://conda.anaconda.org/conda-forge/noarch/docker-pycreds-0.4.0-py_0.tar.bz2
https://conda.anaconda.org/conda-forge/noarch/omegaconf-2.3.0-pyhd8ed1ab_0.conda
https://conda.anaconda.org/conda-forge/noarch/aiohappyeyeballs-2.6.1-pyhd8ed1ab_0.conda
https://conda.anaconda.org/conda-forge/osx-64/pcre2-10.47-h13923f0_0.conda
https://conda.anaconda.org/conda-forge/osx-64/glib-tools-2.86.3-h8650975_0.conda
https://conda.anaconda.org/conda-forge/noarch/prompt-toolkit-3.0.52-pyha770c72_0.conda
https://conda.anaconda.org/conda-forge/noarch/diskcache-5.6.3-pyhd8ed1ab_1.conda
https://conda.anaconda.org/conda-forge/osx-64/frozenlist-1.7.0-py310hd4b8e4a_0.conda
https://conda.anaconda.org/conda-forge/noarch/entrypoints-0.4-pyhd8ed1ab_1.conda
https://conda.anaconda.org/conda-forge/noarch/aiosignal-1.4.0-pyhd8ed1ab_0.conda
https://conda.anaconda.org/conda-forge/noarch/platformdirs-4.5.1-pyhcf101f3_0.conda
https://conda.anaconda.org/conda-forge/noarch/font-ttf-inconsolata-3.000-h77eed37_0.tar.bz2
https://conda.anaconda.org/conda-forge/osx-64/python-gssapi-1.11.1-py310heb4f67e_0.conda
https://conda.anaconda.org/conda-forge/osx-64/pandas-2.3.3-py310h39ce848_1.conda
https://conda.anaconda.org/conda-forge/noarch/funcy-2.0-pyhd8ed1ab_1.conda
https://conda.anaconda.org/conda-forge/noarch/boto3-1.42.40-pyhd8ed1ab_0.conda
https://conda.anaconda.org/conda-forge/noarch/decorator-5.2.1-pyhd8ed1ab_0.conda
https://conda.anaconda.org/conda-forge/osx-64/libexpat-2.7.3-heffb93a_0.conda
https://conda.anaconda.org/conda-forge/osx-64/libgd-2.3.3-hb2c11ec_12.conda
https://conda.anaconda.org/conda-forge/noarch/amqp-5.3.1-pyhd8ed1ab_0.conda
https://conda.anaconda.org/conda-forge/noarch/shellingham-1.5.4-pyhd8ed1ab_2.conda
https://conda.anaconda.org/conda-forge/osx-64/gdk-pixbuf-2.44.5-h49d54ea_0.conda
https://conda.anaconda.org/conda-forge/noarch/typing-inspection-0.4.2-pyhd8ed1ab_1.conda
https://conda.anaconda.org/conda-forge/osx-64/xorg-libxau-1.0.12-h8616949_1.conda
https://conda.anaconda.org/conda-forge/osx-64/libblas-3.11.0-5_he492b99_openblas.conda
https://conda.anaconda.org/conda-forge/noarch/six-1.17.0-pyhe01879c_1.conda
https://conda.anaconda.org/conda-forge/noarch/seaborn-base-0.13.2-pyhd8ed1ab_3.conda
https://conda.anaconda.org/conda-forge/noarch/ca-certificates-2026.1.4-hbd8a1cb_0.conda
https://conda.anaconda.org/conda-forge/osx-64/pyyaml-6.0.3-py310hd951482_0.conda
https://conda.anaconda.org/conda-forge/osx-64/zstd-1.5.7-h3eecb57_6.conda
https://conda.anaconda.org/conda-forge/osx-64/libcblas-3.11.0-5_h9b27e0a_openblas.conda
https://conda.anaconda.org/conda-forge/noarch/pydot-4.0.1-pyhcf101f3_2.conda
https://conda.anaconda.org/conda-forge/noarch/asyncssh-2.21.1-pyhd8ed1ab_0.conda
https://conda.anaconda.org/conda-forge/noarch/dvc-http-2.32.0-pyhd8ed1ab_1.conda
https://conda.anaconda.org/conda-forge/noarch/typer-slim-0.21.1-pyhcf101f3_0.conda
https://conda.anaconda.org/conda-forge/noarch/dvc-3.66.1-pyhcf101f3_0.conda
https://conda.anaconda.org/conda-forge/osx-64/qhull-2020.2-h3c5361c_5.conda
https://conda.anaconda.org/conda-forge/noarch/fonts-conda-ecosystem-1-0.tar.bz2
https://conda.anaconda.org/conda-forge/osx-64/propcache-0.3.1-py310h8e2f543_0.conda
https://conda.anaconda.org/conda-forge/noarch/python-dotenv-1.2.1-pyhcf101f3_0.conda
https://conda.anaconda.org/conda-forge/osx-64/matplotlib-base-3.10.8-py310h2102b89_0.conda
https://conda.anaconda.org/conda-forge/noarch/pytz-2025.2-pyhd8ed1ab_0.conda
https://conda.anaconda.org/conda-forge/osx-64/brotli-python-1.2.0-py310hab27952_1.conda
https://conda.anaconda.org/conda-forge/noarch/hpack-4.1.0-pyhd8ed1ab_0.conda
https://conda.anaconda.org/conda-forge/osx-64/openpyxl-3.1.5-py310he6854de_3.conda
https://conda.anaconda.org/conda-forge/osx-64/libbrotlienc-1.2.0-h8616949_1.conda
https://conda.anaconda.org/conda-forge/osx-64/libcxx-21.1.8-h3d58e20_1.conda
https://conda.anaconda.org/conda-forge/osx-64/readline-8.3-h68b038d_0.conda
https://conda.anaconda.org/conda-forge/osx-64/libedit-3.1.20250104-pl5321ha958ccf_0.conda
https://conda.anaconda.org/conda-forge/osx-64/libjpeg-turbo-3.1.2-h8616949_0.conda
https://conda.anaconda.org/conda-forge/noarch/packaging-26.0-pyhcf101f3_0.conda
https://conda.anaconda.org/conda-forge/osx-64/tornado-6.5.4-py310h2513d93_0.conda
https://conda.anaconda.org/conda-forge/osx-64/libopenblas-0.3.30-openmp_h6006d49_4.conda
https://conda.anaconda.org/conda-forge/noarch/sqltrie-0.11.2-pyhd8ed1ab_0.conda
https://conda.anaconda.org/conda-forge/noarch/vine-5.1.0-pyhd8ed1ab_1.conda
https://conda.anaconda.org/conda-forge/osx-64/yaml-0.2.5-h4132b18_3.conda
https://conda.anaconda.org/conda-forge/noarch/pywin32-on-windows-0.1.0-pyh1179c8e_3.tar.bz2
https://conda.anaconda.org/conda-forge/noarch/jmespath-1.1.0-pyhcf101f3_1.conda
https://conda.anaconda.org/conda-forge/osx-64/graphite2-1.3.14-h21dd04a_2.conda
https://conda.anaconda.org/conda-forge/noarch/fonts-conda-forge-1-hc364b38_1.conda
https://conda.anaconda.org/conda-forge/osx-64/ncurses-6.5-h0622a9a_3.conda
https://conda.anaconda.org/conda-forge/noarch/shtab-1.8.0-pyhd8ed1ab_0.conda
https://conda.anaconda.org/conda-forge/osx-64/libpng-1.6.54-h07817ec_0.conda
https://conda.anaconda.org/conda-forge/osx-64/libgit2-1.9.2-h2720a56_0.conda
https://conda.anaconda.org/conda-forge/noarch/python-dateutil-2.9.0.post0-pyhe01879c_2.conda
https://conda.anaconda.org/conda-forge/noarch/networkx-3.4.2-pyh267e887_2.conda
https://conda.anaconda.org/conda-forge/osx-64/libffi-3.5.2-hd1f9c09_0.conda
https://conda.anaconda.org/conda-forge/noarch/typing_extensions-4.15.0-pyhcf101f3_0.conda
https://conda.anaconda.org/conda-forge/osx-64/libbrotlicommon-1.2.0-h8616949_1.conda
https://conda.anaconda.org/conda-forge/noarch/pyparsing-3.3.2-pyhcf101f3_0.conda
https://conda.anaconda.org/conda-forge/noarch/h2-4.3.0-pyhcf101f3_0.conda
